
Microsoft Visual Studio Solution File, Format Version 11.00
# Visual Studio 2010
Project("{FAE04EC0-301F-11D3-BF4B-00C04F79EFBC}") = "iTunesToolbox.Console", "iTunesToolbox.Console\iTunesToolbox.Console.csproj", "{CFA45689-4EE7-4347-8649-CE0048A1BFBE}"
EndProject
Project("{FAE04EC0-301F-11D3-BF4B-00C04F79EFBC}") = "iTunesToolbox.Logic", "iTunesToolbox.Logic\iTunesToolbox.Logic.csproj", "{6DC5535A-5265-4FA6-8859-24D9E86E493B}"
EndProject
Global
	GlobalSection(TeamFoundationVersionControl) = preSolution
		SccNumberOfProjects = 3
		SccEnterpriseProvider = {4CA58AB2-18FA-4F8D-95D4-32DDF27D184C}
		SccTeamFoundationServer = https://tfs.codeplex.com/tfs/tfs18
		SccLocalPath0 = .
		SccProjectUniqueName1 = iTunesToolbox.Console\\iTunesToolbox.Console.csproj
		SccProjectName1 = iTunesToolbox.Console
		SccLocalPath1 = iTunesToolbox.Console
		SccProjectUniqueName2 = iTunesToolbox.Logic\\iTunesToolbox.Logic.csproj
		SccProjectName2 = iTunesToolbox.Logic
		SccLocalPath2 = iTunesToolbox.Logic
	EndGlobalSection
	GlobalSection(SolutionConfigurationPlatforms) = preSolution
		Debug|Any CPU = Debug|Any CPU
		Debug|Mixed Platforms = Debug|Mixed Platforms
		Debug|x86 = Debug|x86
		Release|Any CPU = Release|Any CPU
		Release|Mixed Platforms = Release|Mixed Platforms
		Release|x86 = Release|x86
	EndGlobalSection
	GlobalSection(ProjectConfigurationPlatforms) = postSolution
		{CFA45689-4EE7-4347-8649-CE0048A1BFBE}.Debug|Any CPU.ActiveCfg = Debug|x86
		{CFA45689-4EE7-4347-8649-CE0048A1BFBE}.Debug|Mixed Platforms.ActiveCfg = Debug|x86
		{CFA45689-4EE7-4347-8649-CE0048A1BFBE}.Debug|Mixed Platforms.Build.0 = Debug|x86
		{CFA45689-4EE7-4347-8649-CE0048A1BFBE}.Debug|x86.ActiveCfg = Debug|x86
		{CFA45689-4EE7-4347-8649-CE0048A1BFBE}.Debug|x86.Build.0 = Debug|x86
		{CFA45689-4EE7-4347-8649-CE0048A1BFBE}.Release|Any CPU.ActiveCfg = Release|x86
		{CFA45689-4EE7-4347-8649-CE0048A1BFBE}.Release|Mixed Platforms.ActiveCfg = Release|x86
		{CFA45689-4EE7-4347-8649-CE0048A1BFBE}.Release|Mixed Platforms.Build.0 = Release|x86
		{CFA45689-4EE7-4347-8649-CE0048A1BFBE}.Release|x86.ActiveCfg = Release|x86
		{CFA45689-4EE7-4347-8649-CE0048A1BFBE}.Release|x86.Build.0 = Release|x86
		{6DC5535A-5265-4FA6-8859-24D9E86E493B}.Debug|Any CPU.ActiveCfg = Debug|Any CPU
		{6DC5535A-5265-4FA6-8859-24D9E86E493B}.Debug|Any CPU.Build.0 = Debug|Any CPU
		{6DC5535A-5265-4FA6-8859-24D9E86E493B}.Debug|Mixed Platforms.ActiveCfg = Debug|Any CPU
		{6DC5535A-5265-4FA6-8859-24D9E86E493B}.Debug|Mixed Platforms.Build.0 = Debug|Any CPU
		{6DC5535A-5265-4FA6-8859-24D9E86E493B}.Debug|x86.ActiveCfg = Debug|Any CPU
		{6DC5535A-5265-4FA6-8859-24D9E86E493B}.Release|Any CPU.ActiveCfg = Release|Any CPU
		{6DC5535A-5265-4FA6-8859-24D9E86E493B}.Release|Any CPU.Build.0 = Release|Any CPU
		{6DC5535A-5265-4FA6-8859-24D9E86E493B}.Release|Mixed Platforms.ActiveCfg = Release|Any CPU
		{6DC5535A-5265-4FA6-8859-24D9E86E493B}.Release|Mixed Platforms.Build.0 = Release|Any CPU
		{6DC5535A-5265-4FA6-8859-24D9E86E493B}.Release|x86.ActiveCfg = Release|Any CPU
	EndGlobalSection
	GlobalSection(SolutionProperties) = preSolution
		HideSolutionNode = FALSE
	EndGlobalSection
EndGlobal
